// !$*UTF8*$!
{
	archiveVersion = 1;
	classes = {
	};
	objectVersion = 46;
	objects = {

/* Begin PBXBuildFile section */
		47DD4E961F35DAF60036D821 /* AppDelegate.swift in Sources */ = {isa = PBXBuildFile; fileRef = 47DD4E951F35DAF60036D821 /* AppDelegate.swift */; };
		47DD4E981F35DAF60036D821 /* ViewController.swift in Sources */ = {isa = PBXBuildFile; fileRef = 47DD4E971F35DAF60036D821 /* ViewController.swift */; };
		47DD4E9B1F35DAF60036D821 /* Main.storyboard in Resources */ = {isa = PBXBuildFile; fileRef = 47DD4E991F35DAF60036D821 /* Main.storyboard */; };
		47DD4E9E1F35DAF60036D821 /* DreamLister.xcdatamodeld in Sources */ = {isa = PBXBuildFile; fileRef = 47DD4E9C1F35DAF60036D821 /* DreamLister.xcdatamodeld */; };
		47DD4EA01F35DAF60036D821 /* Assets.xcassets in Resources */ = {isa = PBXBuildFile; fileRef = 47DD4E9F1F35DAF60036D821 /* Assets.xcassets */; };
		47DD4EA31F35DAF60036D821 /* LaunchScreen.storyboard in Resources */ = {isa = PBXBuildFile; fileRef = 47DD4EA11F35DAF60036D821 /* LaunchScreen.storyboard */; };
/* End PBXBuildFile section */

/* Begin PBXFileReference section */
		47DD4E921F35DAF60036D821 /* DreamLister.app */ = {isa = PBXFileReference; explicitFileType = wrapper.application; includeInIndex = 0; path = DreamLister.app; sourceTree = BUILT_PRODUCTS_DIR; };
		47DD4E951F35DAF60036D821 /* AppDelegate.swift */ = {isa = PBXFileReference; lastKnownFileType = sourcecode.swift; path = AppDelegate.swift; sourceTree = "<group>"; };
		47DD4E971F35DAF60036D821 /* ViewController.swift */ = {isa = PBXFileReference; lastKnownFileType = sourcecode.swift; path = ViewController.swift; sourceTree = "<group>"; };
		47DD4E9A1F35DAF60036D821 /* Base */ = {isa = PBXFileReference; lastKnownFileType = file.storyboard; name = Base; path = Base.lproj/Main.storyboard; sourceTree = "<group>"; };
		47DD4E9D1F35DAF60036D821 /* DreamLister.xcdatamodel */ = {isa = PBXFileReference; lastKnownFileType = wrapper.xcdatamodel; path = DreamLister.xcdatamodel; sourceTree = "<group>"; };
		47DD4E9F1F35DAF60036D821 /* Assets.xcassets */ = {isa = PBXFileReference; lastKnownFileType = folder.assetcatalog; path = Assets.xcassets; sourceTree = "<group>"; };
		47DD4EA21F35DAF60036D821 /* Base */ = {isa = PBXFileReference; lastKnownFileType = file.storyboard; name = Base; path = Base.lproj/LaunchScreen.storyboard; sourceTree = "<group>"; };
		47DD4EA41F35DAF60036D821 /* Info.plist */ = {isa = PBXFileReference; lastKnownFileType = text.plist.xml; path = Info.plist; sourceTree = "<group>"; };
/* End PBXFileReference section */

/* Begin PBXFrameworksBuildPhase section */
		47DD4E8F1F35DAF60036D821 /* Frameworks */ = {
			isa = PBXFrameworksBuildPhase;
			buildActionMask = 2147483647;
			files = (
			);
			runOnlyForDeploymentPostprocessing = 0;
		};
/* End PBXFrameworksBuildPhase section */

/* Begin PBXGroup section */
		47DD4E891F35DAF60036D821 = {
			isa = PBXGroup;
			children = (
				47DD4E941F35DAF60036D821 /* DreamLister */,
				47DD4E931F35DAF60036D821 /* Products */,
			);
			sourceTree = "<group>";
		};
		47DD4E931F35DAF60036D821 /* Products */ = {
			isa = PBXGroup;
			children = (
				47DD4E921F35DAF60036D821 /* DreamLister.app */,
			);
			name = Products;
			sourceTree = "<group>";
		};
		47DD4E941F35DAF60036D821 /* DreamLister */ = {
			isa = PBXGroup;
			children = (
				47DD4E951F35DAF60036D821 /* AppDelegate.swift */,
				47DD4E971F35DAF60036D821 /* ViewController.swift */,
				47DD4E991F35DAF60036D821 /* Main.storyboard */,
				47DD4E9F1F35DAF60036D821 /* Assets.xcassets */,
				47DD4EA11F35DAF60036D821 /* LaunchScreen.storyboard */,
				47DD4EA41F35DAF60036D821 /* Info.plist */,
				47DD4E9C1F35DAF60036D821 /* DreamLister.xcdatamodeld */,
			);
			path = DreamLister;
			sourceTree = "<group>";
		};
/* End PBXGroup section */

/* Begin PBXNativeTarget section */
		47DD4E911F35DAF60036D821 /* DreamLister */ = {
			isa = PBXNativeTarget;
			buildConfigurationList = 47DD4EA71F35DAF60036D821 /* Build configuration list for PBXNativeTarget "DreamLister" */;
			buildPhases = (
				47DD4E8E1F35DAF60036D821 /* Sources */,
				47DD4E8F1F35DAF60036D821 /* Frameworks */,
				47DD4E901F35DAF60036D821 /* Resources */,
			);
			buildRules = (
			);
			dependencies = (
			);
			name = DreamLister;
			productName = DreamLister;
			productReference = 47DD4E921F35DAF60036D821 /* DreamLister.app */;
			productType = "com.apple.product-type.application";
		};
/* End PBXNativeTarget section */

/* Begin PBXProject section */
		47DD4E8A1F35DAF60036D821 /* Project object */ = {
			isa = PBXProject;
			attributes = {
				LastSwiftUpdateCheck = 0830;
				LastUpgradeCheck = 0830;
				ORGANIZATIONNAME = "Atalay Asa";
				TargetAttributes = {
					47DD4E911F35DAF60036D821 = {
						CreatedOnToolsVersion = 8.3.3;
						DevelopmentTeam = XBXBJNJ6HY;
						ProvisioningStyle = Automatic;
					};
				};
			};
			buildConfigurationList = 47DD4E8D1F35DAF60036D821 /* Build configuration list for PBXProject "DreamLister" */;
			compatibilityVersion = "Xcode 3.2";
			developmentRegion = English;
			hasScannedForEncodings = 0;
			knownRegions = (
				en,
				Base,
			);
			mainGroup = 47DD4E891F35DAF60036D821;
			productRefGroup = 47DD4E931F35DAF60036D821 /* Products */;
			projectDirPath = "";
			projectRoot = "";
			targets = (
				47DD4E911F35DAF60036D821 /* DreamLister */,
			);
		};
/* End PBXProject section */

/* Begin PBXResourcesBuildPhase section */
		47DD4E901F35DAF60036D821 /* Resources */ = {
			isa = PBXResourcesBuildPhase;
			buildActionMask = 2147483647;
			files = (
				47DD4EA31F35DAF60036D821 /* LaunchScreen.storyboard in Resources */,
				47DD4EA01F35DAF60036D821 /* Assets.xcassets in Resources */,
				47DD4E9B1F35DAF60036D821 /* Main.storyboard in Resources */,
			);
			runOnlyForDeploymentPostprocessing = 0;
		};
/* End PBXResourcesBuildPhase section */

/* Begin PBXSourcesBuildPhase section */
		47DD4E8E1F35DAF60036D821 /* Sources */ = {
			isa = PBXSourcesBuildPhase;
			buildActionMask = 2147483647;
			files = (
				47DD4E981F35DAF60036D821 /* ViewController.swift in Sources */,
				47DD4E961F35DAF60036D821 /* AppDelegate.swift in Sources */,
				47DD4E9E1F35DAF60036D821 /* DreamLister.xcdatamodeld in Sources */,
			);
			runOnlyForDeploymentPostprocessing = 0;
		};
/* End PBXSourcesBuildPhase section */

/* Begin PBXVariantGroup section */
		47DD4E991F35DAF60036D821 /* Main.storyboard */ = {
			isa = PBXVariantGroup;
			children = (
				47DD4E9A1F35DAF60036D821 /* Base */,
			);
			name = Main.storyboard;
			sourceTree = "<group>";
		};
		47DD4EA11F35DAF60036D821 /* LaunchScreen.storyboard */ = {
			isa = PBXVariantGroup;
			children = (
				47DD4EA21F35DAF60036D821 /* Base */,
			);
			name = LaunchScreen.storyboard;
			sourceTree = "<group>";
		};
/* End PBXVariantGroup section */

/* Begin XCBuildConfiguration section */
		47DD4EA51F35DAF60036D821 /* Debug */ = {
			isa = XCBuildConfiguration;
			buildSettings = {
				ALWAYS_SEARCH_USER_PATHS = NO;
				CLANG_ANALYZER_NONNULL = YES;
				CLANG_ANALYZER_NUMBER_OBJECT_CONVERSION = YES_AGGRESSIVE;
				CLANG_CXX_LANGUAGE_STANDARD = "gnu++0x";
				CLANG_CXX_LIBRARY = "libc++";
				CLANG_ENABLE_MODULES = YES;
				CLANG_ENABLE_OBJC_ARC = YES;
				CLANG_WARN_BOOL_CONVERSION = YES;
				CLANG_WARN_CONSTANT_CONVERSION = YES;
				CLANG_WARN_DIRECT_OBJC_ISA_USAGE = YES_ERROR;
				CLANG_WARN_DOCUMENTATION_COMMENTS = YES;
				CLANG_WARN_EMPTY_BODY = YES;
				CLANG_WARN_ENUM_CONVERSION = YES;
				CLANG_WARN_INFINITE_RECURSION = YES;
				CLANG_WARN_INT_CONVERSION = YES;
				CLANG_WARN_OBJC_ROOT_CLASS = YES_ERROR;
				CLANG_WARN_SUSPICIOUS_MOVE = YES;
				CLANG_WARN_UNREACHABLE_CODE = YES;
				CLANG_WARN__DUPLICATE_METHOD_MATCH = YES;
				"CODE_SIGN_IDENTITY[sdk=iphoneos*]" = "iPhone Developer";
				COPY_PHASE_STRIP = NO;
				DEBUG_INFORMATION_FORMAT = dwarf;
				ENABLE_STRICT_OBJC_MSGSEND = YES;
				ENABLE_TESTABILITY = YES;
				GCC_C_LANGUAGE_STANDARD = gnu99;
				GCC_DYNAMIC_NO_PIC = NO;
				GCC_NO_COMMON_BLOCKS = YES;
				GCC_OPTIMIZATION_LEVEL = 0;
				GCC_PREPROCESSOR_DEFINITIONS = (
					"DEBUG=1",
					"$(inherited)",
				);
				GCC_WARN_64_TO_32_BIT_CONVERSION = YES;
				GCC_WARN_ABOUT_RETURN_TYPE = YES_ERROR;
				GCC_WARN_UNDECLARED_SELECTOR = YES;
				GCC_WARN_UNINITIALIZED_AUTOS = YES_AGGRESSIVE;
				GCC_WARN_UNUSED_FUNCTION = YES;
				GCC_WARN_UNUSED_VARIABLE = YES;
				IPHONEOS_DEPLOYMENT_TARGET = 10.3;
				MTL_ENABLE_DEBUG_INFO = YES;
				ONLY_ACTIVE_ARCH = YES;
				SDKROOT = iphoneos;
				SWIFT_ACTIVE_COMPILATION_CONDITIONS = DEBUG;
				SWIFT_OPTIMIZATION_LEVEL = "-Onone";
				TARGETED_DEVICE_FAMILY = "1,2";
			};
			name = Debug;
		};
		47DD4EA61F35DAF60036D821 /* Release */ = {
			isa = XCBuildConfiguration;
			buildSettings = {
				ALWAYS_SEARCH_USER_PATHS = NO;
				CLANG_ANALYZER_NONNULL = YES;
				CLANG_ANALYZER_NUMBER_OBJECT_CONVERSION = YES_AGGRESSIVE;
				CLANG_CXX_LANGUAGE_STANDARD = "gnu++0x";
				CLANG_CXX_LIBRARY = "libc++";
				CLANG_ENABLE_MODULES = YES;
				CLANG_ENABLE_OBJC_ARC = YES;
				CLANG_WARN_BOOL_CONVERSION = YES;
				CLANG_WARN_CONSTANT_CONVERSION = YES;
				CLANG_WARN_DIRECT_OBJC_ISA_USAGE = YES_ERROR;
				CLANG_WARN_DOCUMENTATION_COMMENTS = YES;
				CLANG_WARN_EMPTY_BODY = YES;
				CLANG_WARN_ENUM_CONVERSION = YES;
				CLANG_WARN_INFINITE_RECURSION = YES;
				CLANG_WARN_INT_CONVERSION = YES;
				CLANG_WARN_OBJC_ROOT_CLASS = YES_ERROR;
				CLANG_WARN_SUSPICIOUS_MOVE = YES;
				CLANG_WARN_UNREACHABLE_CODE = YES;
				CLANG_WARN__DUPLICATE_METHOD_MATCH = YES;
				"CODE_SIGN_IDENTITY[sdk=iphoneos*]" = "iPhone Developer";
				COPY_PHASE_STRIP = NO;
				DEBUG_INFORMATION_FORMAT = "dwarf-with-dsym";
				ENABLE_NS_ASSERTIONS = NO;
				ENABLE_STRICT_OBJC_MSGSEND = YES;
				GCC_C_LANGUAGE_STANDARD = gnu99;
				GCC_NO_COMMON_BLOCKS = YES;
				GCC_WARN_64_TO_32_BIT_CONVERSION = YES;
				GCC_WARN_ABOUT_RETURN_TYPE = YES_ERROR;
				GCC_WARN_UNDECLARED_SELECTOR = YES;
				GCC_WARN_UNINITIALIZED_AUTOS = YES_AGGRESSIVE;
				GCC_WARN_UNUSED_FUNCTION = YES;
				GCC_WARN_UNUSED_VARIABLE = YES;
				IPHONEOS_DEPLOYMENT_TARGET = 10.3;
				MTL_ENABLE_DEBUG_INFO = NO;
				SDKROOT = iphoneos;
				SWIFT_OPTIMIZATION_LEVEL = "-Owholemodule";
				TARGETED_DEVICE_FAMILY = "1,2";
				VALIDATE_PRODUCT = YES;
			};
			name = Release;
		};
		47DD4EA81F35DAF60036D821 /* Debug */ = {
			isa = XCBuildConfiguration;
			buildSettings = {
				ASSETCATALOG_COMPILER_APPICON_NAME = AppIcon;
				DEVELOPMENT_TEAM = XBXBJNJ6HY;
				INFOPLIST_FILE = DreamLister/Info.plist;
				LD_RUNPATH_SEARCH_PATHS = "$(inherited) @executable_path/Frameworks";
				PRODUCT_BUNDLE_IDENTIFIER = com.atalayasa.DreamLister;
				PRODUCT_NAME = "$(TARGET_NAME)";
				SWIFT_VERSION = 3.0;
			};
			name = Debug;
		};
		47DD4EA91F35DAF60036D821 /* Release */ = {
			isa = XCBuildConfiguration;
			buildSettings = {
				ASSETCATALOG_COMPILER_APPICON_NAME = AppIcon;
				DEVELOPMENT_TEAM = XBXBJNJ6HY;
				INFOPLIST_FILE = DreamLister/Info.plist;
				LD_RUNPATH_SEARCH_PATHS = "$(inherited) @executable_path/Frameworks";
				PRODUCT_BUNDLE_IDENTIFIER = com.atalayasa.DreamLister;
				PRODUCT_NAME = "$(TARGET_NAME)";
				SWIFT_VERSION = 3.0;
			};
			name = Release;
		};
/* End XCBuildConfiguration section */

/* Begin XCConfigurationList section */
		47DD4E8D1F35DAF60036D821 /* Build configuration list for PBXProject "DreamLister" */ = {
			isa = XCConfigurationList;
			buildConfigurations = (
				47DD4EA51F35DAF60036D821 /* Debug */,
				47DD4EA61F35DAF60036D821 /* Release */,
			);
			defaultConfigurationIsVisible = 0;
			defaultConfigurationName = Release;
		};
		47DD4EA71F35DAF60036D821 /* Build configuration list for PBXNativeTarget "DreamLister" */ = {
			isa = XCConfigurationList;
			buildConfigurations = (
				47DD4EA81F35DAF60036D821 /* Debug */,
				47DD4EA91F35DAF60036D821 /* Release */,
			);
			defaultConfigurationIsVisible = 0;
		};
/* End XCConfigurationList section */

/* Begin XCVersionGroup section */
		47DD4E9C1F35DAF60036D821 /* DreamLister.xcdatamodeld */ = {
			isa = XCVersionGroup;
			children = (
				47DD4E9D1F35DAF60036D821 /* DreamLister.xcdatamodel */,
			);
			currentVersion = 47DD4E9D1F35DAF60036D821 /* DreamLister.xcdatamodel */;
			path = DreamLister.xcdatamodeld;
			sourceTree = "<group>";
			versionGroupType = wrapper.xcdatamodel;
		};
/* End XCVersionGroup section */
	};
	rootObject = 47DD4E8A1F35DAF60036D821 /* Project object */;
}
